<?xml version="1.0" encoding="utf-8"?>
<Project ToolsVersion="4.0" xmlns="http://schemas.microsoft.com/developer/msbuild/2003">
  <ItemGroup>
    <Filter Include="Source Files">
      <UniqueIdentifier>{4FC737F1-C7A5-4376-A066-2A32D752A2FF}</UniqueIdentifier>
      <Extensions>cpp;c;cc;cxx;c++;cppm;ixx;def;odl;idl;hpj;bat;asm;asmx</Extensions>
    </Filter>
    <Filter Include="Header Files">
      <UniqueIdentifier>{93995380-89BD-4b04-88EB-625FBE52EBFB}</UniqueIdentifier>
      <Extensions>h;hh;hpp;hxx;h++;hm;inl;inc;ipp;xsd</Extensions>
    </Filter>
    <Filter Include="Resource Files">
      <UniqueIdentifier>{67DA6AB6-F800-4c08-8B7A-83BB121AAD01}</UniqueIdentifier>
      <Extensions>rc;ico;cur;bmp;dlg;rc2;rct;bin;rgs;gif;jpg;jpeg;jpe;resx;tiff;tif;png;wav;mfcribbon-ms</Extensions>
    </Filter>
    <Filter Include="Shaders">
      <UniqueIdentifier>{71f3bccd-5df3-4fa6-8392-c6e430a53850}</UniqueIdentifier>
    </Filter>
    <Filter Include="Source Files\Meshes">
      <UniqueIdentifier>{1c4c1c14-1e95-4a22-9aff-574f3bc4a3ce}</UniqueIdentifier>
    </Filter>
    <Filter Include="Source Files\Textures">
      <UniqueIdentifier>{fb552c88-e166-4811-85dc-21a0fc598124}</UniqueIdentifier>
    </Filter>
    <Filter Include="Source Files\Materials">
      <UniqueIdentifier>{c73feeec-8521-416a-8d77-7d515b92c56c}</UniqueIdentifier>
    </Filter>
    <Filter Include="Source Files\Object">
      <UniqueIdentifier>{4f184cad-6d36-412e-8fcb-5aef1072ebeb}</UniqueIdentifier>
    </Filter>
    <Filter Include="Shaders\Fragment Shaders">
      <UniqueIdentifier>{125185d5-d3e5-4207-ac9c-32836377c0ff}</UniqueIdentifier>
    </Filter>
    <Filter Include="Source Files\ShaderPresets">
      <UniqueIdentifier>{bf6bd492-0a43-4e69-8703-d39448b84f23}</UniqueIdentifier>
    </Filter>
    <Filter Include="Source Files\Materials\PBR Materials">
      <UniqueIdentifier>{42db0296-4118-42d5-8c7c-a0e8240c93d8}</UniqueIdentifier>
    </Filter>
  </ItemGroup>
  <ItemGroup>
    <None Include="packages.config" />
    <None Include="shaders\vertexShader.glsl">
      <Filter>Shaders</Filter>
    </None>
    <None Include="shaders\PBRShader.glsl">
      <Filter>Shaders\Fragment Shaders</Filter>
    </None>
    <None Include="shaders\matteShader.glsl">
      <Filter>Shaders\Fragment Shaders</Filter>
    </None>
  </ItemGroup>
  <ItemGroup>
    <ClCompile Include="main.cpp">
      <Filter>Source Files</Filter>
    </ClCompile>
    <ClCompile Include="External\Glad\src\glad.c">
      <Filter>Source Files</Filter>
    </ClCompile>
    <ClCompile Include="camera.cpp">
      <Filter>Source Files</Filter>
    </ClCompile>
    <ClCompile Include="shader.cpp">
      <Filter>Source Files</Filter>
    </ClCompile>
    <ClCompile Include="window.cpp">
      <Filter>Source Files</Filter>
    </ClCompile>
    <ClCompile Include="mesh.cpp">
      <Filter>Source Files</Filter>
    </ClCompile>
    <ClCompile Include="sceneObject.cpp">
      <Filter>Source Files</Filter>
    </ClCompile>
    <ClCompile Include="textureLoader.cpp">
      <Filter>Source Files</Filter>
    </ClCompile>
    <ClCompile Include="material.cpp">
      <Filter>Source Files</Filter>
    </ClCompile>
    <ClCompile Include="objloader.cpp">
      <Filter>Source Files</Filter>
    </ClCompile>
    <ClCompile Include="scene.cpp">
      <Filter>Source Files</Filter>
    </ClCompile>
  </ItemGroup>
  <ItemGroup>
    <ClInclude Include="camera.h">
      <Filter>Header Files</Filter>
    </ClInclude>
    <ClInclude Include="shader.h">
      <Filter>Header Files</Filter>
    </ClInclude>
    <ClInclude Include="window.h">
      <Filter>Header Files</Filter>
    </ClInclude>
    <ClInclude Include="mesh.h">
      <Filter>Header Files</Filter>
    </ClInclude>
    <ClInclude Include="sceneObject.h">
      <Filter>Header Files</Filter>
    </ClInclude>
    <ClInclude Include="textureLoader.h">
      <Filter>Header Files</Filter>
    </ClInclude>
    <ClInclude Include="resource.h">
      <Filter>Header Files</Filter>
    </ClInclude>
    <ClInclude Include="houseObject.h">
      <Filter>Source Files\Object</Filter>
    </ClInclude>
    <ClInclude Include="pyramidMesh.h">
      <Filter>Source Files\Meshes</Filter>
    </ClInclude>
    <ClInclude Include="material.h">
      <Filter>Header Files</Filter>
    </ClInclude>
    <ClInclude Include="cubeMesh.h">
      <Filter>Source Files\Meshes</Filter>
    </ClInclude>
    <ClInclude Include="pbrMaterial.h">
      <Filter>Source Files\Materials</Filter>
    </ClInclude>
    <ClInclude Include="squareMesh.h">
      <Filter>Source Files\Meshes</Filter>
    </ClInclude>
    <ClInclude Include="triangleMesh.h">
      <Filter>Source Files\Meshes</Filter>
    </ClInclude>
    <ClInclude Include="texture.h">
      <Filter>Header Files</Filter>
    </ClInclude>
    <ClInclude Include="sandTexture.h">
      <Filter>Source Files\Textures</Filter>
    </ClInclude>
    <ClInclude Include="airplane.h">
      <Filter>Source Files\Object</Filter>
    </ClInclude>
    <ClInclude Include="objLoader.h">
      <Filter>Header Files</Filter>
    </ClInclude>
    <ClInclude Include="lantern.h">
      <Filter>Source Files\Object</Filter>
    </ClInclude>
    <ClInclude Include="PBRShader.h">
      <Filter>Source Files\ShaderPresets</Filter>
    </ClInclude>
    <ClInclude Include="matteShader.h">
      <Filter>Source Files\ShaderPresets</Filter>
    </ClInclude>
    <ClInclude Include="scene.h">
      <Filter>Header Files</Filter>
    </ClInclude>
    <ClInclude Include="sandMaterial.h">
      <Filter>Source Files\Materials\PBR Materials</Filter>
    </ClInclude>
    <ClInclude Include="matteMaterial.h">
      <Filter>Source Files\Materials</Filter>
    </ClInclude>
  </ItemGroup>
  <ItemGroup>
    <ResourceCompile Include="OpenGLProject.rc">
      <Filter>Resource Files</Filter>
    </ResourceCompile>
  </ItemGroup>
  <ItemGroup>
    <Image Include="textures\Sand_008_Texture\Sand_008_basecolor.png">
      <Filter>Source Files\Textures</Filter>
    </Image>
    <Image Include="textures\Sand_008_Texture\Sand_008_roughness.png">
      <Filter>Source Files\Textures</Filter>
    </Image>
  </ItemGroup>
</Project>